
Microsoft Visual Studio Solution File, Format Version 12.00
# Visual Studio Version 17
VisualStudioVersion = 17.14.36518.9 d17.14
MinimumVisualStudioVersion = 10.0.40219.1
Project("{FAE04EC0-301F-11D3-BF4B-00C04F79EFBC}") = "urna1", "urna1\urna1.csproj", "{A364A22E-357D-4D5E-82D9-01345888EF68}"
EndProject
Global
	GlobalSection(SolutionConfigurationPlatforms) = preSolution
		Debug|Any CPU = Debug|Any CPU
		Release|Any CPU = Release|Any CPU
	EndGlobalSection
	GlobalSection(ProjectConfigurationPlatforms) = postSolution
		{A364A22E-357D-4D5E-82D9-01345888EF68}.Debug|Any CPU.ActiveCfg = Debug|Any CPU
		{A364A22E-357D-4D5E-82D9-01345888EF68}.Debug|Any CPU.Build.0 = Debug|Any CPU
		{A364A22E-357D-4D5E-82D9-01345888EF68}.Release|Any CPU.ActiveCfg = Release|Any CPU
		{A364A22E-357D-4D5E-82D9-01345888EF68}.Release|Any CPU.Build.0 = Release|Any CPU
	EndGlobalSection
	GlobalSection(SolutionProperties) = preSolution
		HideSolutionNode = FALSE
	EndGlobalSection
	GlobalSection(ExtensibilityGlobals) = postSolution
		SolutionGuid = {7E2EE883-F787-40D8-985E-1762CC314D11}
	EndGlobalSection
EndGlobal
